
Microsoft Visual Studio Solution File, Format Version 11.00
# Visual Studio 2010
Project("{FAE04EC0-301F-11D3-BF4B-00C04F79EFBC}") = "canoes", "Assembly-CSharp.csproj", "{8FB7B247-7D5F-83CF-3C02-74556CF27D3D}"
EndProject
Global
	GlobalSection(SolutionConfigurationPlatforms) = preSolution
		Debug|Any CPU = Debug|Any CPU
		Release|Any CPU = Release|Any CPU
	EndGlobalSection
	GlobalSection(ProjectConfigurationPlatforms) = postSolution
		{8FB7B247-7D5F-83CF-3C02-74556CF27D3D}.Debug|Any CPU.ActiveCfg = Debug|Any CPU
		{8FB7B247-7D5F-83CF-3C02-74556CF27D3D}.Debug|Any CPU.Build.0 = Debug|Any CPU
		{8FB7B247-7D5F-83CF-3C02-74556CF27D3D}.Release|Any CPU.ActiveCfg = Release|Any CPU
		{8FB7B247-7D5F-83CF-3C02-74556CF27D3D}.Release|Any CPU.Build.0 = Release|Any CPU
	EndGlobalSection
	GlobalSection(SolutionProperties) = preSolution
		HideSolutionNode = FALSE
	EndGlobalSection
	GlobalSection(MonoDevelopProperties) = preSolution
		StartupItem = Assembly-CSharp.csproj
	EndGlobalSection
EndGlobal
